
Microsoft Visual Studio Solution File, Format Version 12.00
# Visual Studio Version 16
VisualStudioVersion = 25.0.1706.1
MinimumVisualStudioVersion = 10.0.40219.1
Project("{FAE04EC0-301F-11D3-BF4B-00C04F79EFBC}") = "shopping-list-lab", "shopping-list-lab.csproj", "{BA2EA51D-40B4-4430-BF64-837E4BC05715}"
EndProject
Global
	GlobalSection(SolutionConfigurationPlatforms) = preSolution
		Debug|Any CPU = Debug|Any CPU
		Release|Any CPU = Release|Any CPU
	EndGlobalSection
	GlobalSection(ProjectConfigurationPlatforms) = postSolution
		{BA2EA51D-40B4-4430-BF64-837E4BC05715}.Debug|Any CPU.ActiveCfg = Debug|Any CPU
		{BA2EA51D-40B4-4430-BF64-837E4BC05715}.Debug|Any CPU.Build.0 = Debug|Any CPU
		{BA2EA51D-40B4-4430-BF64-837E4BC05715}.Release|Any CPU.ActiveCfg = Release|Any CPU
		{BA2EA51D-40B4-4430-BF64-837E4BC05715}.Release|Any CPU.Build.0 = Release|Any CPU
	EndGlobalSection
	GlobalSection(SolutionProperties) = preSolution
		HideSolutionNode = FALSE
	EndGlobalSection
	GlobalSection(ExtensibilityGlobals) = postSolution
		SolutionGuid = {16ADC271-A341-4346-8746-B7EA31A2B167}
	EndGlobalSection
EndGlobal
